
Microsoft Visual Studio Solution File, Format Version 12.00
# Visual Studio Version 17
VisualStudioVersion = 17.14.36414.22 d17.14
MinimumVisualStudioVersion = 10.0.40219.1
Project("{FAE04EC0-301F-11D3-BF4B-00C04F79EFBC}") = "SmartExpenseTracker", "SmartExpenseTracker\SmartExpenseTracker.csproj", "{122CDE46-3131-42C6-9D2B-F20100AF88AB}"
EndProject
Global
	GlobalSection(SolutionConfigurationPlatforms) = preSolution
		Debug|Any CPU = Debug|Any CPU
		Release|Any CPU = Release|Any CPU
	EndGlobalSection
	GlobalSection(ProjectConfigurationPlatforms) = postSolution
		{122CDE46-3131-42C6-9D2B-F20100AF88AB}.Debug|Any CPU.ActiveCfg = Debug|Any CPU
		{122CDE46-3131-42C6-9D2B-F20100AF88AB}.Debug|Any CPU.Build.0 = Debug|Any CPU
		{122CDE46-3131-42C6-9D2B-F20100AF88AB}.Release|Any CPU.ActiveCfg = Release|Any CPU
		{122CDE46-3131-42C6-9D2B-F20100AF88AB}.Release|Any CPU.Build.0 = Release|Any CPU
	EndGlobalSection
	GlobalSection(SolutionProperties) = preSolution
		HideSolutionNode = FALSE
	EndGlobalSection
	GlobalSection(ExtensibilityGlobals) = postSolution
		SolutionGuid = {96BD9EEA-EC89-429B-AB99-C3534B4C1B5C}
	EndGlobalSection
EndGlobal
